Microsoft Visual Studio Solution File, Format Version 12.00
# Visual Studio Version 17
VisualStudioVersion = 17.0.0.0
MinimumVisualStudioVersion = 10.0.40219.1
Project("{FAE04EC0-301F-11D3-BF4B-00C04F79EFBC}") = "MailMergeEngine", "MailMergeEngine\MailMergeEngine.csproj", "{AAAA1111-2222-3333-4444-555555555555}"
EndProject
Project("{FAE04EC0-301F-11D3-BF4B-00C04F79EFBC}") = "MailMergeUI", "MailMergeUI\MailMergeUI.csproj", "{CCCC1111-2222-3333-4444-555555555555}"
EndProject
Project("{FAE04EC0-301F-11D3-BF4B-00C04F79EFBC}") = "MailMerge.Data", "DbContext\MailMerge.Data.csproj", "{5CD4CFBF-6F7B-457C-9F4F-1EBCA7D0A8A2}"
EndProject
Project("{54435603-DBB4-11D2-8724-00A0C9A8B90C}") = "MailMerge.Installer", "MailMerge.Installer\MailMerge.Installer.vdproj", "{E516D4D1-E86E-444F-E4BA-6FD3537D9ECB}"
EndProject
Project("{FAE04EC0-301F-11D3-BF4B-00C04F79EFBC}") = "ConsoleApp1", "ConsoleApp1\ConsoleApp1\ConsoleApp1.csproj", "{185C1D6A-8196-28A1-A33B-B3A455F1FE0F}"
EndProject
Project("{54435603-DBB4-11D2-8724-00A0C9A8B90C}") = "MailMax.BackgroundService.Installer", "MailMax.BackgroundService.Installer\MailMax.BackgroundService.Installer.vdproj", "{83192CE5-35DA-12C0-1942-B0B69B510459}"
EndProject
Global
	GlobalSection(SolutionConfigurationPlatforms) = preSolution
		Debug|Any CPU = Debug|Any CPU
		Release|Any CPU = Release|Any CPU
	EndGlobalSection
	GlobalSection(ProjectConfigurationPlatforms) = postSolution
		{AAAA1111-2222-3333-4444-555555555555}.Debug|Any CPU.ActiveCfg = Debug|Any CPU
		{AAAA1111-2222-3333-4444-555555555555}.Debug|Any CPU.Build.0 = Debug|Any CPU
		{AAAA1111-2222-3333-4444-555555555555}.Release|Any CPU.ActiveCfg = Release|Any CPU
		{AAAA1111-2222-3333-4444-555555555555}.Release|Any CPU.Build.0 = Release|Any CPU
		{CCCC1111-2222-3333-4444-555555555555}.Debug|Any CPU.ActiveCfg = Debug|Any CPU
		{CCCC1111-2222-3333-4444-555555555555}.Debug|Any CPU.Build.0 = Debug|Any CPU
		{CCCC1111-2222-3333-4444-555555555555}.Release|Any CPU.ActiveCfg = Release|Any CPU
		{CCCC1111-2222-3333-4444-555555555555}.Release|Any CPU.Build.0 = Release|Any CPU
		{5CD4CFBF-6F7B-457C-9F4F-1EBCA7D0A8A2}.Debug|Any CPU.ActiveCfg = Debug|Any CPU
		{5CD4CFBF-6F7B-457C-9F4F-1EBCA7D0A8A2}.Debug|Any CPU.Build.0 = Debug|Any CPU
		{5CD4CFBF-6F7B-457C-9F4F-1EBCA7D0A8A2}.Release|Any CPU.ActiveCfg = Release|Any CPU
		{5CD4CFBF-6F7B-457C-9F4F-1EBCA7D0A8A2}.Release|Any CPU.Build.0 = Release|Any CPU
		{E516D4D1-E86E-444F-E4BA-6FD3537D9ECB}.Debug|Any CPU.ActiveCfg = Debug
		{E516D4D1-E86E-444F-E4BA-6FD3537D9ECB}.Release|Any CPU.ActiveCfg = Release
		{185C1D6A-8196-28A1-A33B-B3A455F1FE0F}.Debug|Any CPU.ActiveCfg = Debug|Any CPU
		{185C1D6A-8196-28A1-A33B-B3A455F1FE0F}.Debug|Any CPU.Build.0 = Debug|Any CPU
		{185C1D6A-8196-28A1-A33B-B3A455F1FE0F}.Release|Any CPU.ActiveCfg = Release|Any CPU
		{185C1D6A-8196-28A1-A33B-B3A455F1FE0F}.Release|Any CPU.Build.0 = Release|Any CPU
		{83192CE5-35DA-12C0-1942-B0B69B510459}.Debug|Any CPU.ActiveCfg = Debug
		{83192CE5-35DA-12C0-1942-B0B69B510459}.Release|Any CPU.ActiveCfg = Release
	EndGlobalSection
	GlobalSection(SolutionProperties) = preSolution
		HideSolutionNode = FALSE
	EndGlobalSection
	GlobalSection(ExtensibilityGlobals) = postSolution
		SolutionGuid = {AA0F9CDB-FC87-4FE9-93E2-94171C493748}
	EndGlobalSection
EndGlobal
